
Microsoft Visual Studio Solution File, Format Version 12.00
# Visual Studio 15
VisualStudioVersion = 15.0.27703.2000
MinimumVisualStudioVersion = 10.0.40219.1
Project("{FAE04EC0-301F-11D3-BF4B-00C04F79EFBC}") = "Ebu.Core", "Ebu.Core\Ebu.Core.csproj", "{328BB0F9-07AC-49FC-B4D1-8FA44BAFDE2A}"
EndProject
Project("{FAE04EC0-301F-11D3-BF4B-00C04F79EFBC}") = "Ebu.Northwind.Entities", "Ebu.Northwind.Entities\Ebu.Northwind.Entities.csproj", "{1CB85669-53D4-4F4A-B028-25F419E4BC54}"
EndProject
Project("{FAE04EC0-301F-11D3-BF4B-00C04F79EFBC}") = "Ebu.Northwind.DataAccess", "Ebu.Northwind.DataAccess\Ebu.Northwind.DataAccess.csproj", "{A9A20497-6ACD-494D-BC57-1E7D3C7072BF}"
EndProject
Project("{FAE04EC0-301F-11D3-BF4B-00C04F79EFBC}") = "Ebu.Northwind.MvcWebUI", "Ebu.Northwind.MvcWebUI\Ebu.Northwind.MvcWebUI.csproj", "{A5AAF3E1-EF4A-4C65-BE55-EE57B936A117}"
EndProject
Project("{FAE04EC0-301F-11D3-BF4B-00C04F79EFBC}") = "Ebu.Northwind.Business", "Ebu.Northwind.Business\Ebu.Northwind.Business.csproj", "{88DB6790-311F-464C-87F6-B2EAF00C9E1A}"
EndProject
Global
	GlobalSection(SolutionConfigurationPlatforms) = preSolution
		Debug|Any CPU = Debug|Any CPU
		Release|Any CPU = Release|Any CPU
	EndGlobalSection
	GlobalSection(ProjectConfigurationPlatforms) = postSolution
		{328BB0F9-07AC-49FC-B4D1-8FA44BAFDE2A}.Debug|Any CPU.ActiveCfg = Debug|Any CPU
		{328BB0F9-07AC-49FC-B4D1-8FA44BAFDE2A}.Debug|Any CPU.Build.0 = Debug|Any CPU
		{328BB0F9-07AC-49FC-B4D1-8FA44BAFDE2A}.Release|Any CPU.ActiveCfg = Release|Any CPU
		{328BB0F9-07AC-49FC-B4D1-8FA44BAFDE2A}.Release|Any CPU.Build.0 = Release|Any CPU
		{1CB85669-53D4-4F4A-B028-25F419E4BC54}.Debug|Any CPU.ActiveCfg = Debug|Any CPU
		{1CB85669-53D4-4F4A-B028-25F419E4BC54}.Debug|Any CPU.Build.0 = Debug|Any CPU
		{1CB85669-53D4-4F4A-B028-25F419E4BC54}.Release|Any CPU.ActiveCfg = Release|Any CPU
		{1CB85669-53D4-4F4A-B028-25F419E4BC54}.Release|Any CPU.Build.0 = Release|Any CPU
		{A9A20497-6ACD-494D-BC57-1E7D3C7072BF}.Debug|Any CPU.ActiveCfg = Debug|Any CPU
		{A9A20497-6ACD-494D-BC57-1E7D3C7072BF}.Debug|Any CPU.Build.0 = Debug|Any CPU
		{A9A20497-6ACD-494D-BC57-1E7D3C7072BF}.Release|Any CPU.ActiveCfg = Release|Any CPU
		{A9A20497-6ACD-494D-BC57-1E7D3C7072BF}.Release|Any CPU.Build.0 = Release|Any CPU
		{A5AAF3E1-EF4A-4C65-BE55-EE57B936A117}.Debug|Any CPU.ActiveCfg = Debug|Any CPU
		{A5AAF3E1-EF4A-4C65-BE55-EE57B936A117}.Debug|Any CPU.Build.0 = Debug|Any CPU
		{A5AAF3E1-EF4A-4C65-BE55-EE57B936A117}.Release|Any CPU.ActiveCfg = Release|Any CPU
		{A5AAF3E1-EF4A-4C65-BE55-EE57B936A117}.Release|Any CPU.Build.0 = Release|Any CPU
		{88DB6790-311F-464C-87F6-B2EAF00C9E1A}.Debug|Any CPU.ActiveCfg = Debug|Any CPU
		{88DB6790-311F-464C-87F6-B2EAF00C9E1A}.Debug|Any CPU.Build.0 = Debug|Any CPU
		{88DB6790-311F-464C-87F6-B2EAF00C9E1A}.Release|Any CPU.ActiveCfg = Release|Any CPU
		{88DB6790-311F-464C-87F6-B2EAF00C9E1A}.Release|Any CPU.Build.0 = Release|Any CPU
	EndGlobalSection
	GlobalSection(SolutionProperties) = preSolution
		HideSolutionNode = FALSE
	EndGlobalSection
	GlobalSection(ExtensibilityGlobals) = postSolution
		SolutionGuid = {EED861D0-36F7-4477-9783-D875A5441C7C}
	EndGlobalSection
EndGlobal
